
Microsoft Visual Studio Solution File, Format Version 12.00
# Visual Studio 15
VisualStudioVersion = 15.0.28307.329
MinimumVisualStudioVersion = 10.0.40219.1
Project("{FAE04EC0-301F-11D3-BF4B-00C04F79EFBC}") = "Employee Dispay", "Employee Dispay\Employee Dispay.csproj", "{229B4829-CF91-4401-94FB-05FB476416DA}"
EndProject
Global
	GlobalSection(SolutionConfigurationPlatforms) = preSolution
		Debug|Any CPU = Debug|Any CPU
		Release|Any CPU = Release|Any CPU
	EndGlobalSection
	GlobalSection(ProjectConfigurationPlatforms) = postSolution
		{229B4829-CF91-4401-94FB-05FB476416DA}.Debug|Any CPU.ActiveCfg = Debug|Any CPU
		{229B4829-CF91-4401-94FB-05FB476416DA}.Debug|Any CPU.Build.0 = Debug|Any CPU
		{229B4829-CF91-4401-94FB-05FB476416DA}.Release|Any CPU.ActiveCfg = Release|Any CPU
		{229B4829-CF91-4401-94FB-05FB476416DA}.Release|Any CPU.Build.0 = Release|Any CPU
	EndGlobalSection
	GlobalSection(SolutionProperties) = preSolution
		HideSolutionNode = FALSE
	EndGlobalSection
	GlobalSection(ExtensibilityGlobals) = postSolution
		SolutionGuid = {098D00F8-0D91-4C13-BCCE-D01B8D369F0C}
	EndGlobalSection
EndGlobal
